
Microsoft Visual Studio Solution File, Format Version 12.00
# Visual Studio 2012
Project("{FAE04EC0-301F-11D3-BF4B-00C04F79EFBC}") = "Simple.MailServer", "Simple.MailServer\Simple.MailServer.csproj", "{4677857B-02B9-4A32-A8C6-222094672DF5}"
EndProject
Project("{FAE04EC0-301F-11D3-BF4B-00C04F79EFBC}") = "Simple.MailServer.Tests", "Simple.MailServer.Tests\Simple.MailServer.Tests.csproj", "{55BAAF9C-D9C3-4226-93B6-6C241782E248}"
EndProject
Global
	GlobalSection(SolutionConfigurationPlatforms) = preSolution
		Debug|Any CPU = Debug|Any CPU
		Release|Any CPU = Release|Any CPU
	EndGlobalSection
	GlobalSection(ProjectConfigurationPlatforms) = postSolution
		{4677857B-02B9-4A32-A8C6-222094672DF5}.Debug|Any CPU.ActiveCfg = Debug|Any CPU
		{4677857B-02B9-4A32-A8C6-222094672DF5}.Debug|Any CPU.Build.0 = Debug|Any CPU
		{4677857B-02B9-4A32-A8C6-222094672DF5}.Release|Any CPU.ActiveCfg = Release|Any CPU
		{4677857B-02B9-4A32-A8C6-222094672DF5}.Release|Any CPU.Build.0 = Release|Any CPU
		{55BAAF9C-D9C3-4226-93B6-6C241782E248}.Debug|Any CPU.ActiveCfg = Debug|Any CPU
		{55BAAF9C-D9C3-4226-93B6-6C241782E248}.Debug|Any CPU.Build.0 = Debug|Any CPU
		{55BAAF9C-D9C3-4226-93B6-6C241782E248}.Release|Any CPU.ActiveCfg = Release|Any CPU
		{55BAAF9C-D9C3-4226-93B6-6C241782E248}.Release|Any CPU.Build.0 = Release|Any CPU
	EndGlobalSection
	GlobalSection(SolutionProperties) = preSolution
		HideSolutionNode = FALSE
	EndGlobalSection
EndGlobal
